<?xml version="1.0" encoding="utf-8"?>
<Project ToolsVersion="4.0" xmlns="http://schemas.microsoft.com/developer/msbuild/2003">
  <ItemGroup>
    <Filter Include="Source Files">
      <UniqueIdentifier>{f4170fc4-4ad9-4991-9b47-d13e0f4b045d}</UniqueIdentifier>
      <Extensions>cpp;c;cxx;rc;def;r;odl;idl;hpj;bat</Extensions>
    </Filter>
    <Filter Include="GridMD Files">
      <UniqueIdentifier>{d5e57188-661c-49aa-8f31-8fb1e08e5bc4}</UniqueIdentifier>
    </Filter>
    <Filter Include="ivutils">
      <UniqueIdentifier>{df010d65-c566-4b8b-81b2-dbe9ae4933d3}</UniqueIdentifier>
    </Filter>
    <Filter Include="gmdlib">
      <UniqueIdentifier>{77fa4dbf-873c-44fe-9425-3dc68be35124}</UniqueIdentifier>
    </Filter>
  </ItemGroup>
  <ItemGroup>
    <ClCompile Include="..\fork_skeleton.cpp">
      <Filter>Source Files</Filter>
    </ClCompile>
    <ClCompile Include="..\..\..\gridmd\src\jobmngr\bshmngr.cpp">
      <Filter>GridMD Files</Filter>
    </ClCompile>
    <ClCompile Include="..\..\..\gridmd\src\gmfork.cpp">
      <Filter>GridMD Files</Filter>
    </ClCompile>
    <ClCompile Include="..\..\..\gridmd\src\gmnode.cpp">
      <Filter>GridMD Files</Filter>
    </ClCompile>
    <ClCompile Include="..\..\..\gridmd\src\gmsched.cpp">
      <Filter>GridMD Files</Filter>
    </ClCompile>
    <ClCompile Include="..\..\..\gridmd\src\jobmngr\gmshell.cpp">
      <Filter>GridMD Files</Filter>
    </ClCompile>
    <ClCompile Include="..\..\..\gridmd\src\gridmd.cpp">
      <Filter>GridMD Files</Filter>
    </ClCompile>
    <ClCompile Include="..\..\..\gridmd\src\jobmngr\jobmngr.cpp">
      <Filter>GridMD Files</Filter>
    </ClCompile>
    <ClCompile Include="..\..\..\gridmd\src\jobmngr\jobmngrbase.cpp">
      <Filter>GridMD Files</Filter>
    </ClCompile>
    <ClCompile Include="..\..\..\gridmd\src\jobmngr\libsshell.cpp">
      <Filter>GridMD Files</Filter>
    </ClCompile>
    <ClCompile Include="..\..\..\gridmd\src\jobmngr\mingwshell.cpp">
      <Filter>GridMD Files</Filter>
    </ClCompile>
    <ClCompile Include="..\..\..\gridmd\src\jobmngr\pbsmngr.cpp">
      <Filter>GridMD Files</Filter>
    </ClCompile>
    <ClCompile Include="..\..\..\gridmd\src\jobmngr\plinkshell.cpp">
      <Filter>GridMD Files</Filter>
    </ClCompile>
    <ClCompile Include="..\..\..\gridmd\src\jobmngr\slurmmngr.cpp">
      <Filter>GridMD Files</Filter>
    </ClCompile>
    <ClCompile Include="..\..\..\gridmd\src\jobmngr\winapimngr.cpp">
      <Filter>GridMD Files</Filter>
    </ClCompile>
    <ClCompile Include="..\..\..\gridmd\src\jobmngr\winshell.cpp">
      <Filter>GridMD Files</Filter>
    </ClCompile>
    <ClCompile Include="..\..\..\gridmd\src\jobmngr\winshmngr.cpp">
      <Filter>GridMD Files</Filter>
    </ClCompile>
    <ClCompile Include="..\..\..\gridmd\src\workflow.cpp">
      <Filter>GridMD Files</Filter>
    </ClCompile>
    <ClCompile Include="..\..\..\ivutils\src\logexc.cpp">
      <Filter>ivutils</Filter>
    </ClCompile>
    <ClCompile Include="..\..\..\ivutils\src\seqpack.cpp">
      <Filter>ivutils</Filter>
    </ClCompile>
    <ClCompile Include="..\..\..\gridmd\src\gmd\dir.cpp">
      <Filter>gmdlib</Filter>
    </ClCompile>
    <ClCompile Include="..\..\..\gridmd\src\gmd\ffile.cpp">
      <Filter>gmdlib</Filter>
    </ClCompile>
    <ClCompile Include="..\..\..\gridmd\src\gmd\filefn.cpp">
      <Filter>gmdlib</Filter>
    </ClCompile>
    <ClCompile Include="..\..\..\gridmd\src\gmd\filename.cpp">
      <Filter>gmdlib</Filter>
    </ClCompile>
    <ClCompile Include="..\..\..\gridmd\src\gmd\regex.cpp">
      <Filter>gmdlib</Filter>
    </ClCompile>
    <ClCompile Include="..\..\..\gridmd\src\gmd\string.cpp">
      <Filter>gmdlib</Filter>
    </ClCompile>
    <ClCompile Include="..\..\..\gridmd\src\gmd\tokenzr.cpp">
      <Filter>gmdlib</Filter>
    </ClCompile>
    <ClCompile Include="..\..\..\gridmd\src\gmd\utils.cpp">
      <Filter>gmdlib</Filter>
    </ClCompile>
    <ClCompile Include="..\..\..\gridmd\src\gmd\xml\xml_file.cpp">
      <Filter>gmdlib</Filter>
    </ClCompile>
  </ItemGroup>
  <ItemGroup>
    <ClInclude Include="..\..\..\gridmd\include\jobmngr\bshmngr.h">
      <Filter>GridMD Files</Filter>
    </ClInclude>
    <ClInclude Include="..\..\..\gridmd\include\forcelnk.h">
      <Filter>GridMD Files</Filter>
    </ClInclude>
    <ClInclude Include="..\..\..\gridmd\include\gmdinc.h">
      <Filter>GridMD Files</Filter>
    </ClInclude>
    <ClInclude Include="..\..\..\gridmd\include\gmfork.h">
      <Filter>GridMD Files</Filter>
    </ClInclude>
    <ClInclude Include="..\..\..\gridmd\include\gmnode.h">
      <Filter>GridMD Files</Filter>
    </ClInclude>
    <ClInclude Include="..\..\..\gridmd\include\gmsched.h">
      <Filter>GridMD Files</Filter>
    </ClInclude>
    <ClInclude Include="..\..\..\gridmd\include\jobmngr\gmshell.h">
      <Filter>GridMD Files</Filter>
    </ClInclude>
    <ClInclude Include="..\..\..\gridmd\include\gridmd.h">
      <Filter>GridMD Files</Filter>
    </ClInclude>
    <ClInclude Include="..\..\..\gridmd\include\jobmngr\jobmngr.h">
      <Filter>GridMD Files</Filter>
    </ClInclude>
    <ClInclude Include="..\..\..\gridmd\include\jobmngr\jobmngrbase.h">
      <Filter>GridMD Files</Filter>
    </ClInclude>
    <ClInclude Include="..\..\..\gridmd\include\jobmngr\libsshell.h">
      <Filter>GridMD Files</Filter>
    </ClInclude>
    <ClInclude Include="..\..\..\gridmd\include\jobmngr\mingwshell.h">
      <Filter>GridMD Files</Filter>
    </ClInclude>
    <ClInclude Include="..\..\..\gridmd\include\jobmngr\pbsmngr.h">
      <Filter>GridMD Files</Filter>
    </ClInclude>
    <ClInclude Include="..\..\..\gridmd\include\jobmngr\plinkshell.h">
      <Filter>GridMD Files</Filter>
    </ClInclude>
    <ClInclude Include="..\..\..\gridmd\include\jobmngr\slurmmngr.h">
      <Filter>GridMD Files</Filter>
    </ClInclude>
    <ClInclude Include="..\..\..\gridmd\include\jobmngr\winapimngr.h">
      <Filter>GridMD Files</Filter>
    </ClInclude>
    <ClInclude Include="..\..\..\gridmd\include\jobmngr\winshell.h">
      <Filter>GridMD Files</Filter>
    </ClInclude>
    <ClInclude Include="..\..\..\gridmd\include\jobmngr\winshmngr.h">
      <Filter>GridMD Files</Filter>
    </ClInclude>
    <ClInclude Include="..\..\..\gridmd\include\workflow.h">
      <Filter>GridMD Files</Filter>
    </ClInclude>
    <ClInclude Include="..\..\..\ivutils\include\dir_check.h">
      <Filter>ivutils</Filter>
    </ClInclude>
    <ClInclude Include="..\..\..\ivutils\include\logexc.h">
      <Filter>ivutils</Filter>
    </ClInclude>
    <ClInclude Include="..\..\..\ivutils\include\refobj.h">
      <Filter>ivutils</Filter>
    </ClInclude>
    <ClInclude Include="..\..\..\ivutils\include\seqpack.h">
      <Filter>ivutils</Filter>
    </ClInclude>
    <ClInclude Include="..\..\..\ivutils\include\utiltl.h">
      <Filter>ivutils</Filter>
    </ClInclude>
  </ItemGroup>
  <ItemGroup>
    <CustomBuild Include="..\..\..\gridmd\include\gmd\app.h">
      <Filter>gmdlib</Filter>
    </CustomBuild>
    <CustomBuild Include="..\..\..\gridmd\include\gmd\arrstr.h">
      <Filter>gmdlib</Filter>
    </CustomBuild>
    <CustomBuild Include="..\..\..\gridmd\include\gmd\dir.h">
      <Filter>gmdlib</Filter>
    </CustomBuild>
    <CustomBuild Include="..\..\..\gridmd\include\gmd\ffile.h">
      <Filter>gmdlib</Filter>
    </CustomBuild>
    <CustomBuild Include="..\..\..\gridmd\include\gmd\filefn.h">
      <Filter>gmdlib</Filter>
    </CustomBuild>
    <CustomBuild Include="..\..\..\gridmd\include\gmd\filename.h">
      <Filter>gmdlib</Filter>
    </CustomBuild>
    <CustomBuild Include="..\..\..\gridmd\src\gmd\gmd_internal.h">
      <Filter>gmdlib</Filter>
    </CustomBuild>
    <CustomBuild Include="..\..\..\gridmd\include\gmd\regex.h">
      <Filter>gmdlib</Filter>
    </CustomBuild>
    <CustomBuild Include="..\..\..\gridmd\include\gmd\stopwatch.h">
      <Filter>gmdlib</Filter>
    </CustomBuild>
    <CustomBuild Include="..\..\..\gridmd\include\gmd\string.h">
      <Filter>gmdlib</Filter>
    </CustomBuild>
    <CustomBuild Include="..\..\..\gridmd\include\gmd\tokenzr.h">
      <Filter>gmdlib</Filter>
    </CustomBuild>
    <CustomBuild Include="..\..\..\gridmd\include\gmd\utils.h">
      <Filter>gmdlib</Filter>
    </CustomBuild>
    <CustomBuild Include="..\..\..\gridmd\include\gmd\xml\xml_file.h">
      <Filter>gmdlib</Filter>
    </CustomBuild>
  </ItemGroup>
</Project>