
Microsoft Visual Studio Solution File, Format Version 12.00
# Visual Studio 2013
VisualStudioVersion = 12.0.31101.0
MinimumVisualStudioVersion = 10.0.40219.1
Project("{8BC9CEB8-8B4A-11D0-8D11-00A0C91BC942}") = "fork_simple_workflow", "fork_simple_workflow.vcxproj", "{F8C03F13-BA8A-42D2-B4BD-1F86AFD2F16B}"
EndProject
Project("{8BC9CEB8-8B4A-11D0-8D11-00A0C91BC942}") = "fork_skeleton_extra", "fork_skeleton_extra.vcxproj", "{0DD89ECB-CD43-416B-9AB2-425C548CA52C}"
EndProject
Project("{8BC9CEB8-8B4A-11D0-8D11-00A0C91BC942}") = "fork_skeleton", "fork_skeleton.vcxproj", "{B42E34A2-BC2E-4C24-96F3-47600C1B15AF}"
EndProject
Project("{8BC9CEB8-8B4A-11D0-8D11-00A0C91BC942}") = "simple_workflow", "simple_workflow.vcxproj", "{2655FCE2-523D-43CF-9476-EC3C837AEA82}"
EndProject
Global
	GlobalSection(SolutionConfigurationPlatforms) = preSolution
		Debug DLL|Win32 = Debug DLL|Win32
		Debug wxalt|Win32 = Debug wxalt|Win32
		Debug|Win32 = Debug|Win32
		Release wxalt|Win32 = Release wxalt|Win32
		Release|Win32 = Release|Win32
	EndGlobalSection
	GlobalSection(ProjectConfigurationPlatforms) = postSolution
		{F8C03F13-BA8A-42D2-B4BD-1F86AFD2F16B}.Debug DLL|Win32.ActiveCfg = Debug DLL|Win32
		{F8C03F13-BA8A-42D2-B4BD-1F86AFD2F16B}.Debug DLL|Win32.Build.0 = Debug DLL|Win32
		{F8C03F13-BA8A-42D2-B4BD-1F86AFD2F16B}.Debug wxalt|Win32.ActiveCfg = Debug wxalt|Win32
		{F8C03F13-BA8A-42D2-B4BD-1F86AFD2F16B}.Debug wxalt|Win32.Build.0 = Debug wxalt|Win32
		{F8C03F13-BA8A-42D2-B4BD-1F86AFD2F16B}.Debug|Win32.ActiveCfg = Debug|Win32
		{F8C03F13-BA8A-42D2-B4BD-1F86AFD2F16B}.Debug|Win32.Build.0 = Debug|Win32
		{F8C03F13-BA8A-42D2-B4BD-1F86AFD2F16B}.Release wxalt|Win32.ActiveCfg = Release wxalt|Win32
		{F8C03F13-BA8A-42D2-B4BD-1F86AFD2F16B}.Release wxalt|Win32.Build.0 = Release wxalt|Win32
		{F8C03F13-BA8A-42D2-B4BD-1F86AFD2F16B}.Release|Win32.ActiveCfg = Release|Win32
		{F8C03F13-BA8A-42D2-B4BD-1F86AFD2F16B}.Release|Win32.Build.0 = Release|Win32
		{0DD89ECB-CD43-416B-9AB2-425C548CA52C}.Debug DLL|Win32.ActiveCfg = Debug DLL|Win32
		{0DD89ECB-CD43-416B-9AB2-425C548CA52C}.Debug DLL|Win32.Build.0 = Debug DLL|Win32
		{0DD89ECB-CD43-416B-9AB2-425C548CA52C}.Debug wxalt|Win32.ActiveCfg = Debug wxalt|Win32
		{0DD89ECB-CD43-416B-9AB2-425C548CA52C}.Debug wxalt|Win32.Build.0 = Debug wxalt|Win32
		{0DD89ECB-CD43-416B-9AB2-425C548CA52C}.Debug|Win32.ActiveCfg = Debug|Win32
		{0DD89ECB-CD43-416B-9AB2-425C548CA52C}.Debug|Win32.Build.0 = Debug|Win32
		{0DD89ECB-CD43-416B-9AB2-425C548CA52C}.Release wxalt|Win32.ActiveCfg = Release wxalt|Win32
		{0DD89ECB-CD43-416B-9AB2-425C548CA52C}.Release wxalt|Win32.Build.0 = Release wxalt|Win32
		{0DD89ECB-CD43-416B-9AB2-425C548CA52C}.Release|Win32.ActiveCfg = Release|Win32
		{0DD89ECB-CD43-416B-9AB2-425C548CA52C}.Release|Win32.Build.0 = Release|Win32
		{B42E34A2-BC2E-4C24-96F3-47600C1B15AF}.Debug DLL|Win32.ActiveCfg = Debug DLL|Win32
		{B42E34A2-BC2E-4C24-96F3-47600C1B15AF}.Debug DLL|Win32.Build.0 = Debug DLL|Win32
		{B42E34A2-BC2E-4C24-96F3-47600C1B15AF}.Debug wxalt|Win32.ActiveCfg = Debug wxalt|Win32
		{B42E34A2-BC2E-4C24-96F3-47600C1B15AF}.Debug wxalt|Win32.Build.0 = Debug wxalt|Win32
		{B42E34A2-BC2E-4C24-96F3-47600C1B15AF}.Debug|Win32.ActiveCfg = Debug|Win32
		{B42E34A2-BC2E-4C24-96F3-47600C1B15AF}.Debug|Win32.Build.0 = Debug|Win32
		{B42E34A2-BC2E-4C24-96F3-47600C1B15AF}.Release wxalt|Win32.ActiveCfg = Release wxalt|Win32
		{B42E34A2-BC2E-4C24-96F3-47600C1B15AF}.Release wxalt|Win32.Build.0 = Release wxalt|Win32
		{B42E34A2-BC2E-4C24-96F3-47600C1B15AF}.Release|Win32.ActiveCfg = Release|Win32
		{B42E34A2-BC2E-4C24-96F3-47600C1B15AF}.Release|Win32.Build.0 = Release|Win32
		{2655FCE2-523D-43CF-9476-EC3C837AEA82}.Debug DLL|Win32.ActiveCfg = Debug DLL|Win32
		{2655FCE2-523D-43CF-9476-EC3C837AEA82}.Debug DLL|Win32.Build.0 = Debug DLL|Win32
		{2655FCE2-523D-43CF-9476-EC3C837AEA82}.Debug wxalt|Win32.ActiveCfg = Debug wxalt|Win32
		{2655FCE2-523D-43CF-9476-EC3C837AEA82}.Debug wxalt|Win32.Build.0 = Debug wxalt|Win32
		{2655FCE2-523D-43CF-9476-EC3C837AEA82}.Debug|Win32.ActiveCfg = Debug|Win32
		{2655FCE2-523D-43CF-9476-EC3C837AEA82}.Debug|Win32.Build.0 = Debug|Win32
		{2655FCE2-523D-43CF-9476-EC3C837AEA82}.Release wxalt|Win32.ActiveCfg = Release wxalt|Win32
		{2655FCE2-523D-43CF-9476-EC3C837AEA82}.Release wxalt|Win32.Build.0 = Release wxalt|Win32
		{2655FCE2-523D-43CF-9476-EC3C837AEA82}.Release|Win32.ActiveCfg = Release|Win32
		{2655FCE2-523D-43CF-9476-EC3C837AEA82}.Release|Win32.Build.0 = Release|Win32
	EndGlobalSection
	GlobalSection(SolutionProperties) = preSolution
		HideSolutionNode = FALSE
	EndGlobalSection
EndGlobal
